
Microsoft Visual Studio Solution File, Format Version 12.00
# Visual Studio Version 17
VisualStudioVersion = 17.6.33801.468
MinimumVisualStudioVersion = 10.0.40219.1
Project("{8BC9CEB8-8B4A-11D0-8D11-00A0C91BC942}") = "RainLanguage", "RainLanguage\RainLanguage.vcxproj", "{29A69D43-F6EA-401A-81C3-0D7415B9328C}"
EndProject
Project("{2150E333-8FDC-42A3-9474-1A3956D46DE8}") = "解决方案项", "解决方案项", "{30999AB5-6367-43CF-80BE-3F96917234D9}"
	ProjectSection(SolutionItems) = preProject
		.gitattributes = .gitattributes
		.gitignore = .gitignore
		LICENSE = LICENSE
	EndProjectSection
EndProject
Project("{8BC9CEB8-8B4A-11D0-8D11-00A0C91BC942}") = "Test", "Test\Test.vcxproj", "{7BE37B16-F01A-452D-A950-96DDB9F22981}"
EndProject
Global
	GlobalSection(SolutionConfigurationPlatforms) = preSolution
		Debug|x64 = Debug|x64
		Debug|x86 = Debug|x86
		DebugFixed|x64 = DebugFixed|x64
		DebugFixed|x86 = DebugFixed|x86
		Release|x64 = Release|x64
		Release|x86 = Release|x86
		ReleaseFixed|x64 = ReleaseFixed|x64
		ReleaseFixed|x86 = ReleaseFixed|x86
	EndGlobalSection
	GlobalSection(ProjectConfigurationPlatforms) = postSolution
		{29A69D43-F6EA-401A-81C3-0D7415B9328C}.Debug|x64.ActiveCfg = Debug|x64
		{29A69D43-F6EA-401A-81C3-0D7415B9328C}.Debug|x64.Build.0 = Debug|x64
		{29A69D43-F6EA-401A-81C3-0D7415B9328C}.Debug|x86.ActiveCfg = Debug|Win32
		{29A69D43-F6EA-401A-81C3-0D7415B9328C}.Debug|x86.Build.0 = Debug|Win32
		{29A69D43-F6EA-401A-81C3-0D7415B9328C}.DebugFixed|x64.ActiveCfg = DebugFixed|x64
		{29A69D43-F6EA-401A-81C3-0D7415B9328C}.DebugFixed|x64.Build.0 = DebugFixed|x64
		{29A69D43-F6EA-401A-81C3-0D7415B9328C}.DebugFixed|x86.ActiveCfg = DebugFixed|Win32
		{29A69D43-F6EA-401A-81C3-0D7415B9328C}.DebugFixed|x86.Build.0 = DebugFixed|Win32
		{29A69D43-F6EA-401A-81C3-0D7415B9328C}.Release|x64.ActiveCfg = Release|x64
		{29A69D43-F6EA-401A-81C3-0D7415B9328C}.Release|x64.Build.0 = Release|x64
		{29A69D43-F6EA-401A-81C3-0D7415B9328C}.Release|x86.ActiveCfg = Release|Win32
		{29A69D43-F6EA-401A-81C3-0D7415B9328C}.Release|x86.Build.0 = Release|Win32
		{29A69D43-F6EA-401A-81C3-0D7415B9328C}.ReleaseFixed|x64.ActiveCfg = ReleaseFixed|x64
		{29A69D43-F6EA-401A-81C3-0D7415B9328C}.ReleaseFixed|x64.Build.0 = ReleaseFixed|x64
		{29A69D43-F6EA-401A-81C3-0D7415B9328C}.ReleaseFixed|x86.ActiveCfg = ReleaseFixed|Win32
		{29A69D43-F6EA-401A-81C3-0D7415B9328C}.ReleaseFixed|x86.Build.0 = ReleaseFixed|Win32
		{7BE37B16-F01A-452D-A950-96DDB9F22981}.Debug|x64.ActiveCfg = Debug|x64
		{7BE37B16-F01A-452D-A950-96DDB9F22981}.Debug|x64.Build.0 = Debug|x64
		{7BE37B16-F01A-452D-A950-96DDB9F22981}.Debug|x86.ActiveCfg = Debug|Win32
		{7BE37B16-F01A-452D-A950-96DDB9F22981}.Debug|x86.Build.0 = Debug|Win32
		{7BE37B16-F01A-452D-A950-96DDB9F22981}.DebugFixed|x64.ActiveCfg = Debug|x64
		{7BE37B16-F01A-452D-A950-96DDB9F22981}.DebugFixed|x64.Build.0 = Debug|x64
		{7BE37B16-F01A-452D-A950-96DDB9F22981}.DebugFixed|x86.ActiveCfg = Debug|Win32
		{7BE37B16-F01A-452D-A950-96DDB9F22981}.DebugFixed|x86.Build.0 = Debug|Win32
		{7BE37B16-F01A-452D-A950-96DDB9F22981}.Release|x64.ActiveCfg = Release|x64
		{7BE37B16-F01A-452D-A950-96DDB9F22981}.Release|x64.Build.0 = Release|x64
		{7BE37B16-F01A-452D-A950-96DDB9F22981}.Release|x86.ActiveCfg = Release|Win32
		{7BE37B16-F01A-452D-A950-96DDB9F22981}.Release|x86.Build.0 = Release|Win32
		{7BE37B16-F01A-452D-A950-96DDB9F22981}.ReleaseFixed|x64.ActiveCfg = Release|x64
		{7BE37B16-F01A-452D-A950-96DDB9F22981}.ReleaseFixed|x64.Build.0 = Release|x64
		{7BE37B16-F01A-452D-A950-96DDB9F22981}.ReleaseFixed|x86.ActiveCfg = Release|Win32
		{7BE37B16-F01A-452D-A950-96DDB9F22981}.ReleaseFixed|x86.Build.0 = Release|Win32
	EndGlobalSection
	GlobalSection(SolutionProperties) = preSolution
		HideSolutionNode = FALSE
	EndGlobalSection
	GlobalSection(ExtensibilityGlobals) = postSolution
		SolutionGuid = {B7E6CEAC-4E6D-41C6-B91E-1D096A55289F}
	EndGlobalSection
EndGlobal
