
Microsoft Visual Studio Solution File, Format Version 12.00
# Visual Studio Version 17
VisualStudioVersion = 17.7.34024.191
MinimumVisualStudioVersion = 10.0.40219.1
Project("{8BC9CEB8-8B4A-11D0-8D11-00A0C91BC942}") = "RainLanguage", "RainLanguage\RainLanguage.vcxproj", "{29A69D43-F6EA-401A-81C3-0D7415B9328C}"
EndProject
Project("{2150E333-8FDC-42A3-9474-1A3956D46DE8}") = "解决方案项", "解决方案项", "{30999AB5-6367-43CF-80BE-3F96917234D9}"
	ProjectSection(SolutionItems) = preProject
		.gitattributes = .gitattributes
		.gitignore = .gitignore
		LICENSE = LICENSE
		README.md = README.md
	EndProjectSection
EndProject
Project("{8BC9CEB8-8B4A-11D0-8D11-00A0C91BC942}") = "Test", "Test\Test.vcxproj", "{18F0CC82-3E7E-4411-8B15-AB9A17AB306D}"
EndProject
Project("{8BC9CEB8-8B4A-11D0-8D11-00A0C91BC942}") = "RainLauncher", "RainLauncher\RainLauncher.vcxproj", "{87EC1D55-A472-4C06-A155-5F98A6886BAE}"
EndProject
Project("{8BC9CEB8-8B4A-11D0-8D11-00A0C91BC942}") = "RainLanguageSO", "RainLanguageSO\RainLanguageSO.vcxproj", "{3F8A2B45-7735-4538-8CA9-DAC801558C4E}"
EndProject
Project("{8BC9CEB8-8B4A-11D0-8D11-00A0C91BC942}") = "RainDebuggerDetector", "RainDebuggerDetector\RainDebuggerDetector.vcxproj", "{0EDCCC90-1C0A-46CC-9F78-0185281D2365}"
EndProject
Project("{8BC9CEB8-8B4A-11D0-8D11-00A0C91BC942}") = "RainDebuggerInjector", "RainDebuggerInjector\RainDebuggerInjector.vcxproj", "{87E9113A-6402-4547-9880-CC1D29ABD4EC}"
EndProject
Global
	GlobalSection(SolutionConfigurationPlatforms) = preSolution
		Debug|Any CPU = Debug|Any CPU
		Debug|ARM = Debug|ARM
		Debug|ARM64 = Debug|ARM64
		Debug|x64 = Debug|x64
		Debug|x86 = Debug|x86
		DebugFixed|Any CPU = DebugFixed|Any CPU
		DebugFixed|ARM = DebugFixed|ARM
		DebugFixed|ARM64 = DebugFixed|ARM64
		DebugFixed|x64 = DebugFixed|x64
		DebugFixed|x86 = DebugFixed|x86
		DotNet|Any CPU = DotNet|Any CPU
		DotNet|ARM = DotNet|ARM
		DotNet|ARM64 = DotNet|ARM64
		DotNet|x64 = DotNet|x64
		DotNet|x86 = DotNet|x86
		DotNetFixed|Any CPU = DotNetFixed|Any CPU
		DotNetFixed|ARM = DotNetFixed|ARM
		DotNetFixed|ARM64 = DotNetFixed|ARM64
		DotNetFixed|x64 = DotNetFixed|x64
		DotNetFixed|x86 = DotNetFixed|x86
		Release|Any CPU = Release|Any CPU
		Release|ARM = Release|ARM
		Release|ARM64 = Release|ARM64
		Release|x64 = Release|x64
		Release|x86 = Release|x86
		ReleaseFixed|Any CPU = ReleaseFixed|Any CPU
		ReleaseFixed|ARM = ReleaseFixed|ARM
		ReleaseFixed|ARM64 = ReleaseFixed|ARM64
		ReleaseFixed|x64 = ReleaseFixed|x64
		ReleaseFixed|x86 = ReleaseFixed|x86
	EndGlobalSection
	GlobalSection(ProjectConfigurationPlatforms) = postSolution
		{29A69D43-F6EA-401A-81C3-0D7415B9328C}.Debug|Any CPU.ActiveCfg = Debug|x64
		{29A69D43-F6EA-401A-81C3-0D7415B9328C}.Debug|Any CPU.Build.0 = Debug|x64
		{29A69D43-F6EA-401A-81C3-0D7415B9328C}.Debug|ARM.ActiveCfg = Debug|x64
		{29A69D43-F6EA-401A-81C3-0D7415B9328C}.Debug|ARM.Build.0 = Debug|x64
		{29A69D43-F6EA-401A-81C3-0D7415B9328C}.Debug|ARM64.ActiveCfg = Debug|x64
		{29A69D43-F6EA-401A-81C3-0D7415B9328C}.Debug|ARM64.Build.0 = Debug|x64
		{29A69D43-F6EA-401A-81C3-0D7415B9328C}.Debug|x64.ActiveCfg = Debug|x64
		{29A69D43-F6EA-401A-81C3-0D7415B9328C}.Debug|x64.Build.0 = Debug|x64
		{29A69D43-F6EA-401A-81C3-0D7415B9328C}.Debug|x86.ActiveCfg = Debug|Win32
		{29A69D43-F6EA-401A-81C3-0D7415B9328C}.Debug|x86.Build.0 = Debug|Win32
		{29A69D43-F6EA-401A-81C3-0D7415B9328C}.DebugFixed|Any CPU.ActiveCfg = DebugFixed|x64
		{29A69D43-F6EA-401A-81C3-0D7415B9328C}.DebugFixed|Any CPU.Build.0 = DebugFixed|x64
		{29A69D43-F6EA-401A-81C3-0D7415B9328C}.DebugFixed|ARM.ActiveCfg = DebugFixed|x64
		{29A69D43-F6EA-401A-81C3-0D7415B9328C}.DebugFixed|ARM.Build.0 = DebugFixed|x64
		{29A69D43-F6EA-401A-81C3-0D7415B9328C}.DebugFixed|ARM64.ActiveCfg = DebugFixed|x64
		{29A69D43-F6EA-401A-81C3-0D7415B9328C}.DebugFixed|ARM64.Build.0 = DebugFixed|x64
		{29A69D43-F6EA-401A-81C3-0D7415B9328C}.DebugFixed|x64.ActiveCfg = DebugFixed|x64
		{29A69D43-F6EA-401A-81C3-0D7415B9328C}.DebugFixed|x64.Build.0 = DebugFixed|x64
		{29A69D43-F6EA-401A-81C3-0D7415B9328C}.DebugFixed|x86.ActiveCfg = DebugFixed|Win32
		{29A69D43-F6EA-401A-81C3-0D7415B9328C}.DebugFixed|x86.Build.0 = DebugFixed|Win32
		{29A69D43-F6EA-401A-81C3-0D7415B9328C}.DotNet|Any CPU.ActiveCfg = DotNet|x64
		{29A69D43-F6EA-401A-81C3-0D7415B9328C}.DotNet|Any CPU.Build.0 = DotNet|x64
		{29A69D43-F6EA-401A-81C3-0D7415B9328C}.DotNet|ARM.ActiveCfg = DotNet|x64
		{29A69D43-F6EA-401A-81C3-0D7415B9328C}.DotNet|ARM.Build.0 = DotNet|x64
		{29A69D43-F6EA-401A-81C3-0D7415B9328C}.DotNet|ARM64.ActiveCfg = DotNet|x64
		{29A69D43-F6EA-401A-81C3-0D7415B9328C}.DotNet|ARM64.Build.0 = DotNet|x64
		{29A69D43-F6EA-401A-81C3-0D7415B9328C}.DotNet|x64.ActiveCfg = DotNet|x64
		{29A69D43-F6EA-401A-81C3-0D7415B9328C}.DotNet|x64.Build.0 = DotNet|x64
		{29A69D43-F6EA-401A-81C3-0D7415B9328C}.DotNet|x86.ActiveCfg = DotNet|Win32
		{29A69D43-F6EA-401A-81C3-0D7415B9328C}.DotNet|x86.Build.0 = DotNet|Win32
		{29A69D43-F6EA-401A-81C3-0D7415B9328C}.DotNetFixed|Any CPU.ActiveCfg = DotNetFixed|x64
		{29A69D43-F6EA-401A-81C3-0D7415B9328C}.DotNetFixed|Any CPU.Build.0 = DotNetFixed|x64
		{29A69D43-F6EA-401A-81C3-0D7415B9328C}.DotNetFixed|ARM.ActiveCfg = DotNetFixed|x64
		{29A69D43-F6EA-401A-81C3-0D7415B9328C}.DotNetFixed|ARM.Build.0 = DotNetFixed|x64
		{29A69D43-F6EA-401A-81C3-0D7415B9328C}.DotNetFixed|ARM64.ActiveCfg = DotNetFixed|x64
		{29A69D43-F6EA-401A-81C3-0D7415B9328C}.DotNetFixed|ARM64.Build.0 = DotNetFixed|x64
		{29A69D43-F6EA-401A-81C3-0D7415B9328C}.DotNetFixed|x64.ActiveCfg = DotNetFixed|x64
		{29A69D43-F6EA-401A-81C3-0D7415B9328C}.DotNetFixed|x64.Build.0 = DotNetFixed|x64
		{29A69D43-F6EA-401A-81C3-0D7415B9328C}.DotNetFixed|x86.ActiveCfg = DotNetFixed|Win32
		{29A69D43-F6EA-401A-81C3-0D7415B9328C}.DotNetFixed|x86.Build.0 = DotNetFixed|Win32
		{29A69D43-F6EA-401A-81C3-0D7415B9328C}.Release|Any CPU.ActiveCfg = Release|x64
		{29A69D43-F6EA-401A-81C3-0D7415B9328C}.Release|Any CPU.Build.0 = Release|x64
		{29A69D43-F6EA-401A-81C3-0D7415B9328C}.Release|ARM.ActiveCfg = Release|x64
		{29A69D43-F6EA-401A-81C3-0D7415B9328C}.Release|ARM.Build.0 = Release|x64
		{29A69D43-F6EA-401A-81C3-0D7415B9328C}.Release|ARM64.ActiveCfg = Release|x64
		{29A69D43-F6EA-401A-81C3-0D7415B9328C}.Release|ARM64.Build.0 = Release|x64
		{29A69D43-F6EA-401A-81C3-0D7415B9328C}.Release|x64.ActiveCfg = Release|x64
		{29A69D43-F6EA-401A-81C3-0D7415B9328C}.Release|x64.Build.0 = Release|x64
		{29A69D43-F6EA-401A-81C3-0D7415B9328C}.Release|x86.ActiveCfg = Release|Win32
		{29A69D43-F6EA-401A-81C3-0D7415B9328C}.Release|x86.Build.0 = Release|Win32
		{29A69D43-F6EA-401A-81C3-0D7415B9328C}.ReleaseFixed|Any CPU.ActiveCfg = ReleaseFixed|x64
		{29A69D43-F6EA-401A-81C3-0D7415B9328C}.ReleaseFixed|Any CPU.Build.0 = ReleaseFixed|x64
		{29A69D43-F6EA-401A-81C3-0D7415B9328C}.ReleaseFixed|ARM.ActiveCfg = ReleaseFixed|x64
		{29A69D43-F6EA-401A-81C3-0D7415B9328C}.ReleaseFixed|ARM.Build.0 = ReleaseFixed|x64
		{29A69D43-F6EA-401A-81C3-0D7415B9328C}.ReleaseFixed|ARM64.ActiveCfg = ReleaseFixed|x64
		{29A69D43-F6EA-401A-81C3-0D7415B9328C}.ReleaseFixed|ARM64.Build.0 = ReleaseFixed|x64
		{29A69D43-F6EA-401A-81C3-0D7415B9328C}.ReleaseFixed|x64.ActiveCfg = ReleaseFixed|x64
		{29A69D43-F6EA-401A-81C3-0D7415B9328C}.ReleaseFixed|x64.Build.0 = ReleaseFixed|x64
		{29A69D43-F6EA-401A-81C3-0D7415B9328C}.ReleaseFixed|x86.ActiveCfg = ReleaseFixed|Win32
		{29A69D43-F6EA-401A-81C3-0D7415B9328C}.ReleaseFixed|x86.Build.0 = ReleaseFixed|Win32
		{18F0CC82-3E7E-4411-8B15-AB9A17AB306D}.Debug|Any CPU.ActiveCfg = Debug|x64
		{18F0CC82-3E7E-4411-8B15-AB9A17AB306D}.Debug|Any CPU.Build.0 = Debug|x64
		{18F0CC82-3E7E-4411-8B15-AB9A17AB306D}.Debug|ARM.ActiveCfg = Debug|x64
		{18F0CC82-3E7E-4411-8B15-AB9A17AB306D}.Debug|ARM.Build.0 = Debug|x64
		{18F0CC82-3E7E-4411-8B15-AB9A17AB306D}.Debug|ARM64.ActiveCfg = Debug|x64
		{18F0CC82-3E7E-4411-8B15-AB9A17AB306D}.Debug|ARM64.Build.0 = Debug|x64
		{18F0CC82-3E7E-4411-8B15-AB9A17AB306D}.Debug|x64.ActiveCfg = Debug|x64
		{18F0CC82-3E7E-4411-8B15-AB9A17AB306D}.Debug|x64.Build.0 = Debug|x64
		{18F0CC82-3E7E-4411-8B15-AB9A17AB306D}.Debug|x86.ActiveCfg = Debug|Win32
		{18F0CC82-3E7E-4411-8B15-AB9A17AB306D}.Debug|x86.Build.0 = Debug|Win32
		{18F0CC82-3E7E-4411-8B15-AB9A17AB306D}.DebugFixed|Any CPU.ActiveCfg = DotNetFixed|x64
		{18F0CC82-3E7E-4411-8B15-AB9A17AB306D}.DebugFixed|Any CPU.Build.0 = DotNetFixed|x64
		{18F0CC82-3E7E-4411-8B15-AB9A17AB306D}.DebugFixed|ARM.ActiveCfg = DotNetFixed|x64
		{18F0CC82-3E7E-4411-8B15-AB9A17AB306D}.DebugFixed|ARM.Build.0 = DotNetFixed|x64
		{18F0CC82-3E7E-4411-8B15-AB9A17AB306D}.DebugFixed|ARM64.ActiveCfg = DotNetFixed|x64
		{18F0CC82-3E7E-4411-8B15-AB9A17AB306D}.DebugFixed|ARM64.Build.0 = DotNetFixed|x64
		{18F0CC82-3E7E-4411-8B15-AB9A17AB306D}.DebugFixed|x64.ActiveCfg = DebugFixed|x64
		{18F0CC82-3E7E-4411-8B15-AB9A17AB306D}.DebugFixed|x64.Build.0 = DebugFixed|x64
		{18F0CC82-3E7E-4411-8B15-AB9A17AB306D}.DebugFixed|x86.ActiveCfg = Debug|Win32
		{18F0CC82-3E7E-4411-8B15-AB9A17AB306D}.DebugFixed|x86.Build.0 = Debug|Win32
		{18F0CC82-3E7E-4411-8B15-AB9A17AB306D}.DotNet|Any CPU.ActiveCfg = DotNet|x64
		{18F0CC82-3E7E-4411-8B15-AB9A17AB306D}.DotNet|Any CPU.Build.0 = DotNet|x64
		{18F0CC82-3E7E-4411-8B15-AB9A17AB306D}.DotNet|ARM.ActiveCfg = DotNet|x64
		{18F0CC82-3E7E-4411-8B15-AB9A17AB306D}.DotNet|ARM.Build.0 = DotNet|x64
		{18F0CC82-3E7E-4411-8B15-AB9A17AB306D}.DotNet|ARM64.ActiveCfg = DotNet|x64
		{18F0CC82-3E7E-4411-8B15-AB9A17AB306D}.DotNet|ARM64.Build.0 = DotNet|x64
		{18F0CC82-3E7E-4411-8B15-AB9A17AB306D}.DotNet|x64.ActiveCfg = DotNet|x64
		{18F0CC82-3E7E-4411-8B15-AB9A17AB306D}.DotNet|x64.Build.0 = DotNet|x64
		{18F0CC82-3E7E-4411-8B15-AB9A17AB306D}.DotNet|x86.ActiveCfg = DotNet|Win32
		{18F0CC82-3E7E-4411-8B15-AB9A17AB306D}.DotNet|x86.Build.0 = DotNet|Win32
		{18F0CC82-3E7E-4411-8B15-AB9A17AB306D}.DotNetFixed|Any CPU.ActiveCfg = DotNetFixed|x64
		{18F0CC82-3E7E-4411-8B15-AB9A17AB306D}.DotNetFixed|Any CPU.Build.0 = DotNetFixed|x64
		{18F0CC82-3E7E-4411-8B15-AB9A17AB306D}.DotNetFixed|ARM.ActiveCfg = DotNetFixed|x64
		{18F0CC82-3E7E-4411-8B15-AB9A17AB306D}.DotNetFixed|ARM.Build.0 = DotNetFixed|x64
		{18F0CC82-3E7E-4411-8B15-AB9A17AB306D}.DotNetFixed|ARM64.ActiveCfg = DotNetFixed|x64
		{18F0CC82-3E7E-4411-8B15-AB9A17AB306D}.DotNetFixed|ARM64.Build.0 = DotNetFixed|x64
		{18F0CC82-3E7E-4411-8B15-AB9A17AB306D}.DotNetFixed|x64.ActiveCfg = DotNetFixed|x64
		{18F0CC82-3E7E-4411-8B15-AB9A17AB306D}.DotNetFixed|x64.Build.0 = DotNetFixed|x64
		{18F0CC82-3E7E-4411-8B15-AB9A17AB306D}.DotNetFixed|x86.ActiveCfg = DotNetFixed|Win32
		{18F0CC82-3E7E-4411-8B15-AB9A17AB306D}.DotNetFixed|x86.Build.0 = DotNetFixed|Win32
		{18F0CC82-3E7E-4411-8B15-AB9A17AB306D}.Release|Any CPU.ActiveCfg = Release|x64
		{18F0CC82-3E7E-4411-8B15-AB9A17AB306D}.Release|Any CPU.Build.0 = Release|x64
		{18F0CC82-3E7E-4411-8B15-AB9A17AB306D}.Release|ARM.ActiveCfg = Release|x64
		{18F0CC82-3E7E-4411-8B15-AB9A17AB306D}.Release|ARM.Build.0 = Release|x64
		{18F0CC82-3E7E-4411-8B15-AB9A17AB306D}.Release|ARM64.ActiveCfg = Release|x64
		{18F0CC82-3E7E-4411-8B15-AB9A17AB306D}.Release|ARM64.Build.0 = Release|x64
		{18F0CC82-3E7E-4411-8B15-AB9A17AB306D}.Release|x64.ActiveCfg = Release|x64
		{18F0CC82-3E7E-4411-8B15-AB9A17AB306D}.Release|x64.Build.0 = Release|x64
		{18F0CC82-3E7E-4411-8B15-AB9A17AB306D}.Release|x86.ActiveCfg = Release|Win32
		{18F0CC82-3E7E-4411-8B15-AB9A17AB306D}.Release|x86.Build.0 = Release|Win32
		{18F0CC82-3E7E-4411-8B15-AB9A17AB306D}.ReleaseFixed|Any CPU.ActiveCfg = Release|x64
		{18F0CC82-3E7E-4411-8B15-AB9A17AB306D}.ReleaseFixed|Any CPU.Build.0 = Release|x64
		{18F0CC82-3E7E-4411-8B15-AB9A17AB306D}.ReleaseFixed|ARM.ActiveCfg = Release|x64
		{18F0CC82-3E7E-4411-8B15-AB9A17AB306D}.ReleaseFixed|ARM.Build.0 = Release|x64
		{18F0CC82-3E7E-4411-8B15-AB9A17AB306D}.ReleaseFixed|ARM64.ActiveCfg = Release|x64
		{18F0CC82-3E7E-4411-8B15-AB9A17AB306D}.ReleaseFixed|ARM64.Build.0 = Release|x64
		{18F0CC82-3E7E-4411-8B15-AB9A17AB306D}.ReleaseFixed|x64.ActiveCfg = Release|x64
		{18F0CC82-3E7E-4411-8B15-AB9A17AB306D}.ReleaseFixed|x64.Build.0 = Release|x64
		{18F0CC82-3E7E-4411-8B15-AB9A17AB306D}.ReleaseFixed|x86.ActiveCfg = Release|Win32
		{18F0CC82-3E7E-4411-8B15-AB9A17AB306D}.ReleaseFixed|x86.Build.0 = Release|Win32
		{87EC1D55-A472-4C06-A155-5F98A6886BAE}.Debug|Any CPU.ActiveCfg = Debug|x64
		{87EC1D55-A472-4C06-A155-5F98A6886BAE}.Debug|Any CPU.Build.0 = Debug|x64
		{87EC1D55-A472-4C06-A155-5F98A6886BAE}.Debug|ARM.ActiveCfg = Debug|x64
		{87EC1D55-A472-4C06-A155-5F98A6886BAE}.Debug|ARM.Build.0 = Debug|x64
		{87EC1D55-A472-4C06-A155-5F98A6886BAE}.Debug|ARM64.ActiveCfg = Debug|x64
		{87EC1D55-A472-4C06-A155-5F98A6886BAE}.Debug|ARM64.Build.0 = Debug|x64
		{87EC1D55-A472-4C06-A155-5F98A6886BAE}.Debug|x64.ActiveCfg = Debug|x64
		{87EC1D55-A472-4C06-A155-5F98A6886BAE}.Debug|x64.Build.0 = Debug|x64
		{87EC1D55-A472-4C06-A155-5F98A6886BAE}.Debug|x86.ActiveCfg = Debug|Win32
		{87EC1D55-A472-4C06-A155-5F98A6886BAE}.Debug|x86.Build.0 = Debug|Win32
		{87EC1D55-A472-4C06-A155-5F98A6886BAE}.DebugFixed|Any CPU.ActiveCfg = DotNetFixed|x64
		{87EC1D55-A472-4C06-A155-5F98A6886BAE}.DebugFixed|Any CPU.Build.0 = DotNetFixed|x64
		{87EC1D55-A472-4C06-A155-5F98A6886BAE}.DebugFixed|ARM.ActiveCfg = DotNetFixed|x64
		{87EC1D55-A472-4C06-A155-5F98A6886BAE}.DebugFixed|ARM.Build.0 = DotNetFixed|x64
		{87EC1D55-A472-4C06-A155-5F98A6886BAE}.DebugFixed|ARM64.ActiveCfg = DotNetFixed|x64
		{87EC1D55-A472-4C06-A155-5F98A6886BAE}.DebugFixed|ARM64.Build.0 = DotNetFixed|x64
		{87EC1D55-A472-4C06-A155-5F98A6886BAE}.DebugFixed|x64.ActiveCfg = DebugFixed|x64
		{87EC1D55-A472-4C06-A155-5F98A6886BAE}.DebugFixed|x64.Build.0 = DebugFixed|x64
		{87EC1D55-A472-4C06-A155-5F98A6886BAE}.DebugFixed|x86.ActiveCfg = Debug|Win32
		{87EC1D55-A472-4C06-A155-5F98A6886BAE}.DebugFixed|x86.Build.0 = Debug|Win32
		{87EC1D55-A472-4C06-A155-5F98A6886BAE}.DotNet|Any CPU.ActiveCfg = DotNet|x64
		{87EC1D55-A472-4C06-A155-5F98A6886BAE}.DotNet|Any CPU.Build.0 = DotNet|x64
		{87EC1D55-A472-4C06-A155-5F98A6886BAE}.DotNet|ARM.ActiveCfg = DotNet|x64
		{87EC1D55-A472-4C06-A155-5F98A6886BAE}.DotNet|ARM.Build.0 = DotNet|x64
		{87EC1D55-A472-4C06-A155-5F98A6886BAE}.DotNet|ARM64.ActiveCfg = DotNet|x64
		{87EC1D55-A472-4C06-A155-5F98A6886BAE}.DotNet|ARM64.Build.0 = DotNet|x64
		{87EC1D55-A472-4C06-A155-5F98A6886BAE}.DotNet|x64.ActiveCfg = DotNet|x64
		{87EC1D55-A472-4C06-A155-5F98A6886BAE}.DotNet|x64.Build.0 = DotNet|x64
		{87EC1D55-A472-4C06-A155-5F98A6886BAE}.DotNet|x86.ActiveCfg = DotNet|Win32
		{87EC1D55-A472-4C06-A155-5F98A6886BAE}.DotNet|x86.Build.0 = DotNet|Win32
		{87EC1D55-A472-4C06-A155-5F98A6886BAE}.DotNetFixed|Any CPU.ActiveCfg = DotNetFixed|x64
		{87EC1D55-A472-4C06-A155-5F98A6886BAE}.DotNetFixed|Any CPU.Build.0 = DotNetFixed|x64
		{87EC1D55-A472-4C06-A155-5F98A6886BAE}.DotNetFixed|ARM.ActiveCfg = DotNetFixed|x64
		{87EC1D55-A472-4C06-A155-5F98A6886BAE}.DotNetFixed|ARM.Build.0 = DotNetFixed|x64
		{87EC1D55-A472-4C06-A155-5F98A6886BAE}.DotNetFixed|ARM64.ActiveCfg = DotNetFixed|x64
		{87EC1D55-A472-4C06-A155-5F98A6886BAE}.DotNetFixed|ARM64.Build.0 = DotNetFixed|x64
		{87EC1D55-A472-4C06-A155-5F98A6886BAE}.DotNetFixed|x64.ActiveCfg = DotNetFixed|x64
		{87EC1D55-A472-4C06-A155-5F98A6886BAE}.DotNetFixed|x64.Build.0 = DotNetFixed|x64
		{87EC1D55-A472-4C06-A155-5F98A6886BAE}.DotNetFixed|x86.ActiveCfg = DotNetFixed|Win32
		{87EC1D55-A472-4C06-A155-5F98A6886BAE}.DotNetFixed|x86.Build.0 = DotNetFixed|Win32
		{87EC1D55-A472-4C06-A155-5F98A6886BAE}.Release|Any CPU.ActiveCfg = Release|x64
		{87EC1D55-A472-4C06-A155-5F98A6886BAE}.Release|Any CPU.Build.0 = Release|x64
		{87EC1D55-A472-4C06-A155-5F98A6886BAE}.Release|ARM.ActiveCfg = Release|x64
		{87EC1D55-A472-4C06-A155-5F98A6886BAE}.Release|ARM.Build.0 = Release|x64
		{87EC1D55-A472-4C06-A155-5F98A6886BAE}.Release|ARM64.ActiveCfg = Release|x64
		{87EC1D55-A472-4C06-A155-5F98A6886BAE}.Release|ARM64.Build.0 = Release|x64
		{87EC1D55-A472-4C06-A155-5F98A6886BAE}.Release|x64.ActiveCfg = Release|x64
		{87EC1D55-A472-4C06-A155-5F98A6886BAE}.Release|x64.Build.0 = Release|x64
		{87EC1D55-A472-4C06-A155-5F98A6886BAE}.Release|x86.ActiveCfg = Release|Win32
		{87EC1D55-A472-4C06-A155-5F98A6886BAE}.Release|x86.Build.0 = Release|Win32
		{87EC1D55-A472-4C06-A155-5F98A6886BAE}.ReleaseFixed|Any CPU.ActiveCfg = Release|x64
		{87EC1D55-A472-4C06-A155-5F98A6886BAE}.ReleaseFixed|Any CPU.Build.0 = Release|x64
		{87EC1D55-A472-4C06-A155-5F98A6886BAE}.ReleaseFixed|ARM.ActiveCfg = Release|x64
		{87EC1D55-A472-4C06-A155-5F98A6886BAE}.ReleaseFixed|ARM.Build.0 = Release|x64
		{87EC1D55-A472-4C06-A155-5F98A6886BAE}.ReleaseFixed|ARM64.ActiveCfg = Release|x64
		{87EC1D55-A472-4C06-A155-5F98A6886BAE}.ReleaseFixed|ARM64.Build.0 = Release|x64
		{87EC1D55-A472-4C06-A155-5F98A6886BAE}.ReleaseFixed|x64.ActiveCfg = Release|x64
		{87EC1D55-A472-4C06-A155-5F98A6886BAE}.ReleaseFixed|x64.Build.0 = Release|x64
		{87EC1D55-A472-4C06-A155-5F98A6886BAE}.ReleaseFixed|x86.ActiveCfg = Release|Win32
		{87EC1D55-A472-4C06-A155-5F98A6886BAE}.ReleaseFixed|x86.Build.0 = Release|Win32
		{3F8A2B45-7735-4538-8CA9-DAC801558C4E}.Debug|Any CPU.ActiveCfg = Debug|x64
		{3F8A2B45-7735-4538-8CA9-DAC801558C4E}.Debug|Any CPU.Build.0 = Debug|x64
		{3F8A2B45-7735-4538-8CA9-DAC801558C4E}.Debug|ARM.ActiveCfg = Debug|ARM
		{3F8A2B45-7735-4538-8CA9-DAC801558C4E}.Debug|ARM.Build.0 = Debug|ARM
		{3F8A2B45-7735-4538-8CA9-DAC801558C4E}.Debug|ARM64.ActiveCfg = Debug|ARM64
		{3F8A2B45-7735-4538-8CA9-DAC801558C4E}.Debug|ARM64.Build.0 = Debug|ARM64
		{3F8A2B45-7735-4538-8CA9-DAC801558C4E}.Debug|x64.ActiveCfg = Debug|x64
		{3F8A2B45-7735-4538-8CA9-DAC801558C4E}.Debug|x64.Build.0 = Debug|x64
		{3F8A2B45-7735-4538-8CA9-DAC801558C4E}.Debug|x86.ActiveCfg = Debug|x86
		{3F8A2B45-7735-4538-8CA9-DAC801558C4E}.Debug|x86.Build.0 = Debug|x86
		{3F8A2B45-7735-4538-8CA9-DAC801558C4E}.DebugFixed|Any CPU.ActiveCfg = Debug|x64
		{3F8A2B45-7735-4538-8CA9-DAC801558C4E}.DebugFixed|Any CPU.Build.0 = Debug|x64
		{3F8A2B45-7735-4538-8CA9-DAC801558C4E}.DebugFixed|ARM.ActiveCfg = Debug|ARM
		{3F8A2B45-7735-4538-8CA9-DAC801558C4E}.DebugFixed|ARM.Build.0 = Debug|ARM
		{3F8A2B45-7735-4538-8CA9-DAC801558C4E}.DebugFixed|ARM64.ActiveCfg = Debug|ARM64
		{3F8A2B45-7735-4538-8CA9-DAC801558C4E}.DebugFixed|ARM64.Build.0 = Debug|ARM64
		{3F8A2B45-7735-4538-8CA9-DAC801558C4E}.DebugFixed|x64.ActiveCfg = Debug|x64
		{3F8A2B45-7735-4538-8CA9-DAC801558C4E}.DebugFixed|x64.Build.0 = Debug|x64
		{3F8A2B45-7735-4538-8CA9-DAC801558C4E}.DebugFixed|x86.ActiveCfg = Debug|x86
		{3F8A2B45-7735-4538-8CA9-DAC801558C4E}.DebugFixed|x86.Build.0 = Debug|x86
		{3F8A2B45-7735-4538-8CA9-DAC801558C4E}.DotNet|Any CPU.ActiveCfg = Debug|x64
		{3F8A2B45-7735-4538-8CA9-DAC801558C4E}.DotNet|Any CPU.Build.0 = Debug|x64
		{3F8A2B45-7735-4538-8CA9-DAC801558C4E}.DotNet|ARM.ActiveCfg = Debug|ARM
		{3F8A2B45-7735-4538-8CA9-DAC801558C4E}.DotNet|ARM.Build.0 = Debug|ARM
		{3F8A2B45-7735-4538-8CA9-DAC801558C4E}.DotNet|ARM64.ActiveCfg = Debug|ARM64
		{3F8A2B45-7735-4538-8CA9-DAC801558C4E}.DotNet|ARM64.Build.0 = Debug|ARM64
		{3F8A2B45-7735-4538-8CA9-DAC801558C4E}.DotNet|x64.ActiveCfg = Debug|x64
		{3F8A2B45-7735-4538-8CA9-DAC801558C4E}.DotNet|x64.Build.0 = Debug|x64
		{3F8A2B45-7735-4538-8CA9-DAC801558C4E}.DotNet|x86.ActiveCfg = Debug|x86
		{3F8A2B45-7735-4538-8CA9-DAC801558C4E}.DotNet|x86.Build.0 = Debug|x86
		{3F8A2B45-7735-4538-8CA9-DAC801558C4E}.DotNetFixed|Any CPU.ActiveCfg = Debug|x64
		{3F8A2B45-7735-4538-8CA9-DAC801558C4E}.DotNetFixed|Any CPU.Build.0 = Debug|x64
		{3F8A2B45-7735-4538-8CA9-DAC801558C4E}.DotNetFixed|ARM.ActiveCfg = Debug|ARM
		{3F8A2B45-7735-4538-8CA9-DAC801558C4E}.DotNetFixed|ARM.Build.0 = Debug|ARM
		{3F8A2B45-7735-4538-8CA9-DAC801558C4E}.DotNetFixed|ARM64.ActiveCfg = Debug|ARM64
		{3F8A2B45-7735-4538-8CA9-DAC801558C4E}.DotNetFixed|ARM64.Build.0 = Debug|ARM64
		{3F8A2B45-7735-4538-8CA9-DAC801558C4E}.DotNetFixed|x64.ActiveCfg = Debug|x64
		{3F8A2B45-7735-4538-8CA9-DAC801558C4E}.DotNetFixed|x64.Build.0 = Debug|x64
		{3F8A2B45-7735-4538-8CA9-DAC801558C4E}.DotNetFixed|x86.ActiveCfg = Debug|x86
		{3F8A2B45-7735-4538-8CA9-DAC801558C4E}.DotNetFixed|x86.Build.0 = Debug|x86
		{3F8A2B45-7735-4538-8CA9-DAC801558C4E}.Release|Any CPU.ActiveCfg = Release|x64
		{3F8A2B45-7735-4538-8CA9-DAC801558C4E}.Release|Any CPU.Build.0 = Release|x64
		{3F8A2B45-7735-4538-8CA9-DAC801558C4E}.Release|ARM.ActiveCfg = Release|ARM
		{3F8A2B45-7735-4538-8CA9-DAC801558C4E}.Release|ARM.Build.0 = Release|ARM
		{3F8A2B45-7735-4538-8CA9-DAC801558C4E}.Release|ARM64.ActiveCfg = Release|ARM64
		{3F8A2B45-7735-4538-8CA9-DAC801558C4E}.Release|ARM64.Build.0 = Release|ARM64
		{3F8A2B45-7735-4538-8CA9-DAC801558C4E}.Release|x64.ActiveCfg = Release|x64
		{3F8A2B45-7735-4538-8CA9-DAC801558C4E}.Release|x64.Build.0 = Release|x64
		{3F8A2B45-7735-4538-8CA9-DAC801558C4E}.Release|x86.ActiveCfg = Release|x86
		{3F8A2B45-7735-4538-8CA9-DAC801558C4E}.Release|x86.Build.0 = Release|x86
		{3F8A2B45-7735-4538-8CA9-DAC801558C4E}.ReleaseFixed|Any CPU.ActiveCfg = Release|x64
		{3F8A2B45-7735-4538-8CA9-DAC801558C4E}.ReleaseFixed|Any CPU.Build.0 = Release|x64
		{3F8A2B45-7735-4538-8CA9-DAC801558C4E}.ReleaseFixed|ARM.ActiveCfg = ReleaseFixed|ARM
		{3F8A2B45-7735-4538-8CA9-DAC801558C4E}.ReleaseFixed|ARM.Build.0 = ReleaseFixed|ARM
		{3F8A2B45-7735-4538-8CA9-DAC801558C4E}.ReleaseFixed|ARM64.ActiveCfg = Release|ARM64
		{3F8A2B45-7735-4538-8CA9-DAC801558C4E}.ReleaseFixed|ARM64.Build.0 = Release|ARM64
		{3F8A2B45-7735-4538-8CA9-DAC801558C4E}.ReleaseFixed|x64.ActiveCfg = Release|x64
		{3F8A2B45-7735-4538-8CA9-DAC801558C4E}.ReleaseFixed|x64.Build.0 = Release|x64
		{3F8A2B45-7735-4538-8CA9-DAC801558C4E}.ReleaseFixed|x86.ActiveCfg = Release|x86
		{3F8A2B45-7735-4538-8CA9-DAC801558C4E}.ReleaseFixed|x86.Build.0 = Release|x86
		{0EDCCC90-1C0A-46CC-9F78-0185281D2365}.Debug|Any CPU.ActiveCfg = Debug|x64
		{0EDCCC90-1C0A-46CC-9F78-0185281D2365}.Debug|Any CPU.Build.0 = Debug|x64
		{0EDCCC90-1C0A-46CC-9F78-0185281D2365}.Debug|ARM.ActiveCfg = Debug|x64
		{0EDCCC90-1C0A-46CC-9F78-0185281D2365}.Debug|ARM.Build.0 = Debug|x64
		{0EDCCC90-1C0A-46CC-9F78-0185281D2365}.Debug|ARM64.ActiveCfg = Debug|x64
		{0EDCCC90-1C0A-46CC-9F78-0185281D2365}.Debug|ARM64.Build.0 = Debug|x64
		{0EDCCC90-1C0A-46CC-9F78-0185281D2365}.Debug|x64.ActiveCfg = Debug|x64
		{0EDCCC90-1C0A-46CC-9F78-0185281D2365}.Debug|x64.Build.0 = Debug|x64
		{0EDCCC90-1C0A-46CC-9F78-0185281D2365}.Debug|x86.ActiveCfg = Debug|Win32
		{0EDCCC90-1C0A-46CC-9F78-0185281D2365}.Debug|x86.Build.0 = Debug|Win32
		{0EDCCC90-1C0A-46CC-9F78-0185281D2365}.DebugFixed|Any CPU.ActiveCfg = Debug|x64
		{0EDCCC90-1C0A-46CC-9F78-0185281D2365}.DebugFixed|Any CPU.Build.0 = Debug|x64
		{0EDCCC90-1C0A-46CC-9F78-0185281D2365}.DebugFixed|ARM.ActiveCfg = Debug|x64
		{0EDCCC90-1C0A-46CC-9F78-0185281D2365}.DebugFixed|ARM.Build.0 = Debug|x64
		{0EDCCC90-1C0A-46CC-9F78-0185281D2365}.DebugFixed|ARM64.ActiveCfg = Debug|x64
		{0EDCCC90-1C0A-46CC-9F78-0185281D2365}.DebugFixed|ARM64.Build.0 = Debug|x64
		{0EDCCC90-1C0A-46CC-9F78-0185281D2365}.DebugFixed|x64.ActiveCfg = Debug|x64
		{0EDCCC90-1C0A-46CC-9F78-0185281D2365}.DebugFixed|x64.Build.0 = Debug|x64
		{0EDCCC90-1C0A-46CC-9F78-0185281D2365}.DebugFixed|x86.ActiveCfg = Debug|Win32
		{0EDCCC90-1C0A-46CC-9F78-0185281D2365}.DebugFixed|x86.Build.0 = Debug|Win32
		{0EDCCC90-1C0A-46CC-9F78-0185281D2365}.DotNet|Any CPU.ActiveCfg = Debug|x64
		{0EDCCC90-1C0A-46CC-9F78-0185281D2365}.DotNet|Any CPU.Build.0 = Debug|x64
		{0EDCCC90-1C0A-46CC-9F78-0185281D2365}.DotNet|ARM.ActiveCfg = Debug|x64
		{0EDCCC90-1C0A-46CC-9F78-0185281D2365}.DotNet|ARM.Build.0 = Debug|x64
		{0EDCCC90-1C0A-46CC-9F78-0185281D2365}.DotNet|ARM64.ActiveCfg = Debug|x64
		{0EDCCC90-1C0A-46CC-9F78-0185281D2365}.DotNet|ARM64.Build.0 = Debug|x64
		{0EDCCC90-1C0A-46CC-9F78-0185281D2365}.DotNet|x64.ActiveCfg = Debug|x64
		{0EDCCC90-1C0A-46CC-9F78-0185281D2365}.DotNet|x64.Build.0 = Debug|x64
		{0EDCCC90-1C0A-46CC-9F78-0185281D2365}.DotNet|x86.ActiveCfg = Debug|Win32
		{0EDCCC90-1C0A-46CC-9F78-0185281D2365}.DotNet|x86.Build.0 = Debug|Win32
		{0EDCCC90-1C0A-46CC-9F78-0185281D2365}.DotNetFixed|Any CPU.ActiveCfg = Debug|x64
		{0EDCCC90-1C0A-46CC-9F78-0185281D2365}.DotNetFixed|Any CPU.Build.0 = Debug|x64
		{0EDCCC90-1C0A-46CC-9F78-0185281D2365}.DotNetFixed|ARM.ActiveCfg = Debug|x64
		{0EDCCC90-1C0A-46CC-9F78-0185281D2365}.DotNetFixed|ARM.Build.0 = Debug|x64
		{0EDCCC90-1C0A-46CC-9F78-0185281D2365}.DotNetFixed|ARM64.ActiveCfg = Debug|x64
		{0EDCCC90-1C0A-46CC-9F78-0185281D2365}.DotNetFixed|ARM64.Build.0 = Debug|x64
		{0EDCCC90-1C0A-46CC-9F78-0185281D2365}.DotNetFixed|x64.ActiveCfg = Debug|x64
		{0EDCCC90-1C0A-46CC-9F78-0185281D2365}.DotNetFixed|x64.Build.0 = Debug|x64
		{0EDCCC90-1C0A-46CC-9F78-0185281D2365}.DotNetFixed|x86.ActiveCfg = Debug|Win32
		{0EDCCC90-1C0A-46CC-9F78-0185281D2365}.DotNetFixed|x86.Build.0 = Debug|Win32
		{0EDCCC90-1C0A-46CC-9F78-0185281D2365}.Release|Any CPU.ActiveCfg = Release|x64
		{0EDCCC90-1C0A-46CC-9F78-0185281D2365}.Release|Any CPU.Build.0 = Release|x64
		{0EDCCC90-1C0A-46CC-9F78-0185281D2365}.Release|ARM.ActiveCfg = Release|x64
		{0EDCCC90-1C0A-46CC-9F78-0185281D2365}.Release|ARM.Build.0 = Release|x64
		{0EDCCC90-1C0A-46CC-9F78-0185281D2365}.Release|ARM64.ActiveCfg = Release|x64
		{0EDCCC90-1C0A-46CC-9F78-0185281D2365}.Release|ARM64.Build.0 = Release|x64
		{0EDCCC90-1C0A-46CC-9F78-0185281D2365}.Release|x64.ActiveCfg = Release|x64
		{0EDCCC90-1C0A-46CC-9F78-0185281D2365}.Release|x64.Build.0 = Release|x64
		{0EDCCC90-1C0A-46CC-9F78-0185281D2365}.Release|x86.ActiveCfg = Release|Win32
		{0EDCCC90-1C0A-46CC-9F78-0185281D2365}.Release|x86.Build.0 = Release|Win32
		{0EDCCC90-1C0A-46CC-9F78-0185281D2365}.ReleaseFixed|Any CPU.ActiveCfg = Release|x64
		{0EDCCC90-1C0A-46CC-9F78-0185281D2365}.ReleaseFixed|Any CPU.Build.0 = Release|x64
		{0EDCCC90-1C0A-46CC-9F78-0185281D2365}.ReleaseFixed|ARM.ActiveCfg = Release|x64
		{0EDCCC90-1C0A-46CC-9F78-0185281D2365}.ReleaseFixed|ARM.Build.0 = Release|x64
		{0EDCCC90-1C0A-46CC-9F78-0185281D2365}.ReleaseFixed|ARM64.ActiveCfg = Release|x64
		{0EDCCC90-1C0A-46CC-9F78-0185281D2365}.ReleaseFixed|ARM64.Build.0 = Release|x64
		{0EDCCC90-1C0A-46CC-9F78-0185281D2365}.ReleaseFixed|x64.ActiveCfg = Release|x64
		{0EDCCC90-1C0A-46CC-9F78-0185281D2365}.ReleaseFixed|x64.Build.0 = Release|x64
		{0EDCCC90-1C0A-46CC-9F78-0185281D2365}.ReleaseFixed|x86.ActiveCfg = Release|Win32
		{0EDCCC90-1C0A-46CC-9F78-0185281D2365}.ReleaseFixed|x86.Build.0 = Release|Win32
		{87E9113A-6402-4547-9880-CC1D29ABD4EC}.Debug|Any CPU.ActiveCfg = Debug|x64
		{87E9113A-6402-4547-9880-CC1D29ABD4EC}.Debug|Any CPU.Build.0 = Debug|x64
		{87E9113A-6402-4547-9880-CC1D29ABD4EC}.Debug|ARM.ActiveCfg = Debug|x64
		{87E9113A-6402-4547-9880-CC1D29ABD4EC}.Debug|ARM.Build.0 = Debug|x64
		{87E9113A-6402-4547-9880-CC1D29ABD4EC}.Debug|ARM64.ActiveCfg = Debug|x64
		{87E9113A-6402-4547-9880-CC1D29ABD4EC}.Debug|ARM64.Build.0 = Debug|x64
		{87E9113A-6402-4547-9880-CC1D29ABD4EC}.Debug|x64.ActiveCfg = Debug|x64
		{87E9113A-6402-4547-9880-CC1D29ABD4EC}.Debug|x64.Build.0 = Debug|x64
		{87E9113A-6402-4547-9880-CC1D29ABD4EC}.Debug|x86.ActiveCfg = Debug|Win32
		{87E9113A-6402-4547-9880-CC1D29ABD4EC}.Debug|x86.Build.0 = Debug|Win32
		{87E9113A-6402-4547-9880-CC1D29ABD4EC}.DebugFixed|Any CPU.ActiveCfg = Debug|x64
		{87E9113A-6402-4547-9880-CC1D29ABD4EC}.DebugFixed|Any CPU.Build.0 = Debug|x64
		{87E9113A-6402-4547-9880-CC1D29ABD4EC}.DebugFixed|ARM.ActiveCfg = Debug|x64
		{87E9113A-6402-4547-9880-CC1D29ABD4EC}.DebugFixed|ARM.Build.0 = Debug|x64
		{87E9113A-6402-4547-9880-CC1D29ABD4EC}.DebugFixed|ARM64.ActiveCfg = Debug|x64
		{87E9113A-6402-4547-9880-CC1D29ABD4EC}.DebugFixed|ARM64.Build.0 = Debug|x64
		{87E9113A-6402-4547-9880-CC1D29ABD4EC}.DebugFixed|x64.ActiveCfg = Debug|x64
		{87E9113A-6402-4547-9880-CC1D29ABD4EC}.DebugFixed|x64.Build.0 = Debug|x64
		{87E9113A-6402-4547-9880-CC1D29ABD4EC}.DebugFixed|x86.ActiveCfg = Debug|Win32
		{87E9113A-6402-4547-9880-CC1D29ABD4EC}.DebugFixed|x86.Build.0 = Debug|Win32
		{87E9113A-6402-4547-9880-CC1D29ABD4EC}.DotNet|Any CPU.ActiveCfg = Debug|x64
		{87E9113A-6402-4547-9880-CC1D29ABD4EC}.DotNet|Any CPU.Build.0 = Debug|x64
		{87E9113A-6402-4547-9880-CC1D29ABD4EC}.DotNet|ARM.ActiveCfg = Debug|x64
		{87E9113A-6402-4547-9880-CC1D29ABD4EC}.DotNet|ARM.Build.0 = Debug|x64
		{87E9113A-6402-4547-9880-CC1D29ABD4EC}.DotNet|ARM64.ActiveCfg = Debug|x64
		{87E9113A-6402-4547-9880-CC1D29ABD4EC}.DotNet|ARM64.Build.0 = Debug|x64
		{87E9113A-6402-4547-9880-CC1D29ABD4EC}.DotNet|x64.ActiveCfg = Debug|x64
		{87E9113A-6402-4547-9880-CC1D29ABD4EC}.DotNet|x64.Build.0 = Debug|x64
		{87E9113A-6402-4547-9880-CC1D29ABD4EC}.DotNet|x86.ActiveCfg = Debug|Win32
		{87E9113A-6402-4547-9880-CC1D29ABD4EC}.DotNet|x86.Build.0 = Debug|Win32
		{87E9113A-6402-4547-9880-CC1D29ABD4EC}.DotNetFixed|Any CPU.ActiveCfg = Debug|x64
		{87E9113A-6402-4547-9880-CC1D29ABD4EC}.DotNetFixed|Any CPU.Build.0 = Debug|x64
		{87E9113A-6402-4547-9880-CC1D29ABD4EC}.DotNetFixed|ARM.ActiveCfg = Debug|x64
		{87E9113A-6402-4547-9880-CC1D29ABD4EC}.DotNetFixed|ARM.Build.0 = Debug|x64
		{87E9113A-6402-4547-9880-CC1D29ABD4EC}.DotNetFixed|ARM64.ActiveCfg = Debug|x64
		{87E9113A-6402-4547-9880-CC1D29ABD4EC}.DotNetFixed|ARM64.Build.0 = Debug|x64
		{87E9113A-6402-4547-9880-CC1D29ABD4EC}.DotNetFixed|x64.ActiveCfg = Debug|x64
		{87E9113A-6402-4547-9880-CC1D29ABD4EC}.DotNetFixed|x64.Build.0 = Debug|x64
		{87E9113A-6402-4547-9880-CC1D29ABD4EC}.DotNetFixed|x86.ActiveCfg = Debug|Win32
		{87E9113A-6402-4547-9880-CC1D29ABD4EC}.DotNetFixed|x86.Build.0 = Debug|Win32
		{87E9113A-6402-4547-9880-CC1D29ABD4EC}.Release|Any CPU.ActiveCfg = Release|x64
		{87E9113A-6402-4547-9880-CC1D29ABD4EC}.Release|Any CPU.Build.0 = Release|x64
		{87E9113A-6402-4547-9880-CC1D29ABD4EC}.Release|ARM.ActiveCfg = Release|x64
		{87E9113A-6402-4547-9880-CC1D29ABD4EC}.Release|ARM.Build.0 = Release|x64
		{87E9113A-6402-4547-9880-CC1D29ABD4EC}.Release|ARM64.ActiveCfg = Release|x64
		{87E9113A-6402-4547-9880-CC1D29ABD4EC}.Release|ARM64.Build.0 = Release|x64
		{87E9113A-6402-4547-9880-CC1D29ABD4EC}.Release|x64.ActiveCfg = Release|x64
		{87E9113A-6402-4547-9880-CC1D29ABD4EC}.Release|x64.Build.0 = Release|x64
		{87E9113A-6402-4547-9880-CC1D29ABD4EC}.Release|x86.ActiveCfg = Release|Win32
		{87E9113A-6402-4547-9880-CC1D29ABD4EC}.Release|x86.Build.0 = Release|Win32
		{87E9113A-6402-4547-9880-CC1D29ABD4EC}.ReleaseFixed|Any CPU.ActiveCfg = Release|x64
		{87E9113A-6402-4547-9880-CC1D29ABD4EC}.ReleaseFixed|Any CPU.Build.0 = Release|x64
		{87E9113A-6402-4547-9880-CC1D29ABD4EC}.ReleaseFixed|ARM.ActiveCfg = Release|x64
		{87E9113A-6402-4547-9880-CC1D29ABD4EC}.ReleaseFixed|ARM.Build.0 = Release|x64
		{87E9113A-6402-4547-9880-CC1D29ABD4EC}.ReleaseFixed|ARM64.ActiveCfg = Release|x64
		{87E9113A-6402-4547-9880-CC1D29ABD4EC}.ReleaseFixed|ARM64.Build.0 = Release|x64
		{87E9113A-6402-4547-9880-CC1D29ABD4EC}.ReleaseFixed|x64.ActiveCfg = Release|x64
		{87E9113A-6402-4547-9880-CC1D29ABD4EC}.ReleaseFixed|x64.Build.0 = Release|x64
		{87E9113A-6402-4547-9880-CC1D29ABD4EC}.ReleaseFixed|x86.ActiveCfg = Release|Win32
		{87E9113A-6402-4547-9880-CC1D29ABD4EC}.ReleaseFixed|x86.Build.0 = Release|Win32
	EndGlobalSection
	GlobalSection(SolutionProperties) = preSolution
		HideSolutionNode = FALSE
	EndGlobalSection
	GlobalSection(ExtensibilityGlobals) = postSolution
		SolutionGuid = {B7E6CEAC-4E6D-41C6-B91E-1D096A55289F}
	EndGlobalSection
EndGlobal
