
Microsoft Visual Studio Solution File, Format Version 12.00
# Visual Studio Version 17
VisualStudioVersion = 17.7.34024.191
MinimumVisualStudioVersion = 10.0.40219.1
Project("{8BC9CEB8-8B4A-11D0-8D11-00A0C91BC942}") = "RainLanguage", "RainLanguage\RainLanguage.vcxproj", "{29A69D43-F6EA-401A-81C3-0D7415B9328C}"
EndProject
Project("{2150E333-8FDC-42A3-9474-1A3956D46DE8}") = "解决方案项", "解决方案项", "{30999AB5-6367-43CF-80BE-3F96917234D9}"
	ProjectSection(SolutionItems) = preProject
		.gitattributes = .gitattributes
		.gitignore = .gitignore
		LICENSE = LICENSE
		README.md = README.md
	EndProjectSection
EndProject
Project("{8BC9CEB8-8B4A-11D0-8D11-00A0C91BC942}") = "Test", "Test\Test.vcxproj", "{18F0CC82-3E7E-4411-8B15-AB9A17AB306D}"
EndProject
Project("{8BC9CEB8-8B4A-11D0-8D11-00A0C91BC942}") = "RainDebuggerAdaptor", "RainDebuggerAdaptor\RainDebuggerAdaptor.vcxproj", "{65D95ACD-A9C9-4F32-B92C-20AF42649F0C}"
EndProject
Project("{8BC9CEB8-8B4A-11D0-8D11-00A0C91BC942}") = "RainDebugger", "RainDebugger\RainDebugger.vcxproj", "{1D5A9C55-F2CE-437F-874B-4542E57AC321}"
EndProject
Project("{8BC9CEB8-8B4A-11D0-8D11-00A0C91BC942}") = "RainLauncher", "RainLauncher\RainLauncher.vcxproj", "{87EC1D55-A472-4C06-A155-5F98A6886BAE}"
EndProject
Global
	GlobalSection(SolutionConfigurationPlatforms) = preSolution
		Debug|Any CPU = Debug|Any CPU
		Debug|x64 = Debug|x64
		Debug|x86 = Debug|x86
		DebugFixed|Any CPU = DebugFixed|Any CPU
		DebugFixed|x64 = DebugFixed|x64
		DebugFixed|x86 = DebugFixed|x86
		DotNet|Any CPU = DotNet|Any CPU
		DotNet|x64 = DotNet|x64
		DotNet|x86 = DotNet|x86
		DotNetFixed|Any CPU = DotNetFixed|Any CPU
		DotNetFixed|x64 = DotNetFixed|x64
		DotNetFixed|x86 = DotNetFixed|x86
		Release|Any CPU = Release|Any CPU
		Release|x64 = Release|x64
		Release|x86 = Release|x86
		ReleaseFixed|Any CPU = ReleaseFixed|Any CPU
		ReleaseFixed|x64 = ReleaseFixed|x64
		ReleaseFixed|x86 = ReleaseFixed|x86
	EndGlobalSection
	GlobalSection(ProjectConfigurationPlatforms) = postSolution
		{29A69D43-F6EA-401A-81C3-0D7415B9328C}.Debug|Any CPU.ActiveCfg = Debug|x64
		{29A69D43-F6EA-401A-81C3-0D7415B9328C}.Debug|Any CPU.Build.0 = Debug|x64
		{29A69D43-F6EA-401A-81C3-0D7415B9328C}.Debug|x64.ActiveCfg = Debug|x64
		{29A69D43-F6EA-401A-81C3-0D7415B9328C}.Debug|x64.Build.0 = Debug|x64
		{29A69D43-F6EA-401A-81C3-0D7415B9328C}.Debug|x86.ActiveCfg = Debug|Win32
		{29A69D43-F6EA-401A-81C3-0D7415B9328C}.Debug|x86.Build.0 = Debug|Win32
		{29A69D43-F6EA-401A-81C3-0D7415B9328C}.DebugFixed|Any CPU.ActiveCfg = DebugFixed|x64
		{29A69D43-F6EA-401A-81C3-0D7415B9328C}.DebugFixed|Any CPU.Build.0 = DebugFixed|x64
		{29A69D43-F6EA-401A-81C3-0D7415B9328C}.DebugFixed|x64.ActiveCfg = DebugFixed|x64
		{29A69D43-F6EA-401A-81C3-0D7415B9328C}.DebugFixed|x64.Build.0 = DebugFixed|x64
		{29A69D43-F6EA-401A-81C3-0D7415B9328C}.DebugFixed|x86.ActiveCfg = DebugFixed|Win32
		{29A69D43-F6EA-401A-81C3-0D7415B9328C}.DebugFixed|x86.Build.0 = DebugFixed|Win32
		{29A69D43-F6EA-401A-81C3-0D7415B9328C}.DotNet|Any CPU.ActiveCfg = DotNet|x64
		{29A69D43-F6EA-401A-81C3-0D7415B9328C}.DotNet|Any CPU.Build.0 = DotNet|x64
		{29A69D43-F6EA-401A-81C3-0D7415B9328C}.DotNet|x64.ActiveCfg = DotNet|x64
		{29A69D43-F6EA-401A-81C3-0D7415B9328C}.DotNet|x64.Build.0 = DotNet|x64
		{29A69D43-F6EA-401A-81C3-0D7415B9328C}.DotNet|x86.ActiveCfg = DotNet|Win32
		{29A69D43-F6EA-401A-81C3-0D7415B9328C}.DotNet|x86.Build.0 = DotNet|Win32
		{29A69D43-F6EA-401A-81C3-0D7415B9328C}.DotNetFixed|Any CPU.ActiveCfg = DotNetFixed|x64
		{29A69D43-F6EA-401A-81C3-0D7415B9328C}.DotNetFixed|Any CPU.Build.0 = DotNetFixed|x64
		{29A69D43-F6EA-401A-81C3-0D7415B9328C}.DotNetFixed|x64.ActiveCfg = DotNetFixed|x64
		{29A69D43-F6EA-401A-81C3-0D7415B9328C}.DotNetFixed|x64.Build.0 = DotNetFixed|x64
		{29A69D43-F6EA-401A-81C3-0D7415B9328C}.DotNetFixed|x86.ActiveCfg = DotNetFixed|Win32
		{29A69D43-F6EA-401A-81C3-0D7415B9328C}.DotNetFixed|x86.Build.0 = DotNetFixed|Win32
		{29A69D43-F6EA-401A-81C3-0D7415B9328C}.Release|Any CPU.ActiveCfg = Release|x64
		{29A69D43-F6EA-401A-81C3-0D7415B9328C}.Release|Any CPU.Build.0 = Release|x64
		{29A69D43-F6EA-401A-81C3-0D7415B9328C}.Release|x64.ActiveCfg = Release|x64
		{29A69D43-F6EA-401A-81C3-0D7415B9328C}.Release|x64.Build.0 = Release|x64
		{29A69D43-F6EA-401A-81C3-0D7415B9328C}.Release|x86.ActiveCfg = Release|Win32
		{29A69D43-F6EA-401A-81C3-0D7415B9328C}.Release|x86.Build.0 = Release|Win32
		{29A69D43-F6EA-401A-81C3-0D7415B9328C}.ReleaseFixed|Any CPU.ActiveCfg = ReleaseFixed|x64
		{29A69D43-F6EA-401A-81C3-0D7415B9328C}.ReleaseFixed|Any CPU.Build.0 = ReleaseFixed|x64
		{29A69D43-F6EA-401A-81C3-0D7415B9328C}.ReleaseFixed|x64.ActiveCfg = ReleaseFixed|x64
		{29A69D43-F6EA-401A-81C3-0D7415B9328C}.ReleaseFixed|x64.Build.0 = ReleaseFixed|x64
		{29A69D43-F6EA-401A-81C3-0D7415B9328C}.ReleaseFixed|x86.ActiveCfg = ReleaseFixed|Win32
		{29A69D43-F6EA-401A-81C3-0D7415B9328C}.ReleaseFixed|x86.Build.0 = ReleaseFixed|Win32
		{18F0CC82-3E7E-4411-8B15-AB9A17AB306D}.Debug|Any CPU.ActiveCfg = Debug|x64
		{18F0CC82-3E7E-4411-8B15-AB9A17AB306D}.Debug|Any CPU.Build.0 = Debug|x64
		{18F0CC82-3E7E-4411-8B15-AB9A17AB306D}.Debug|x64.ActiveCfg = Debug|x64
		{18F0CC82-3E7E-4411-8B15-AB9A17AB306D}.Debug|x64.Build.0 = Debug|x64
		{18F0CC82-3E7E-4411-8B15-AB9A17AB306D}.Debug|x86.ActiveCfg = Debug|Win32
		{18F0CC82-3E7E-4411-8B15-AB9A17AB306D}.Debug|x86.Build.0 = Debug|Win32
		{18F0CC82-3E7E-4411-8B15-AB9A17AB306D}.DebugFixed|Any CPU.ActiveCfg = DotNetFixed|x64
		{18F0CC82-3E7E-4411-8B15-AB9A17AB306D}.DebugFixed|Any CPU.Build.0 = DotNetFixed|x64
		{18F0CC82-3E7E-4411-8B15-AB9A17AB306D}.DebugFixed|x64.ActiveCfg = Debug|x64
		{18F0CC82-3E7E-4411-8B15-AB9A17AB306D}.DebugFixed|x64.Build.0 = Debug|x64
		{18F0CC82-3E7E-4411-8B15-AB9A17AB306D}.DebugFixed|x86.ActiveCfg = Debug|Win32
		{18F0CC82-3E7E-4411-8B15-AB9A17AB306D}.DebugFixed|x86.Build.0 = Debug|Win32
		{18F0CC82-3E7E-4411-8B15-AB9A17AB306D}.DotNet|Any CPU.ActiveCfg = DotNet|x64
		{18F0CC82-3E7E-4411-8B15-AB9A17AB306D}.DotNet|Any CPU.Build.0 = DotNet|x64
		{18F0CC82-3E7E-4411-8B15-AB9A17AB306D}.DotNet|x64.ActiveCfg = DotNet|x64
		{18F0CC82-3E7E-4411-8B15-AB9A17AB306D}.DotNet|x64.Build.0 = DotNet|x64
		{18F0CC82-3E7E-4411-8B15-AB9A17AB306D}.DotNet|x86.ActiveCfg = DotNet|Win32
		{18F0CC82-3E7E-4411-8B15-AB9A17AB306D}.DotNet|x86.Build.0 = DotNet|Win32
		{18F0CC82-3E7E-4411-8B15-AB9A17AB306D}.DotNetFixed|Any CPU.ActiveCfg = DotNetFixed|x64
		{18F0CC82-3E7E-4411-8B15-AB9A17AB306D}.DotNetFixed|Any CPU.Build.0 = DotNetFixed|x64
		{18F0CC82-3E7E-4411-8B15-AB9A17AB306D}.DotNetFixed|x64.ActiveCfg = DotNetFixed|x64
		{18F0CC82-3E7E-4411-8B15-AB9A17AB306D}.DotNetFixed|x64.Build.0 = DotNetFixed|x64
		{18F0CC82-3E7E-4411-8B15-AB9A17AB306D}.DotNetFixed|x86.ActiveCfg = DotNetFixed|Win32
		{18F0CC82-3E7E-4411-8B15-AB9A17AB306D}.DotNetFixed|x86.Build.0 = DotNetFixed|Win32
		{18F0CC82-3E7E-4411-8B15-AB9A17AB306D}.Release|Any CPU.ActiveCfg = Release|x64
		{18F0CC82-3E7E-4411-8B15-AB9A17AB306D}.Release|Any CPU.Build.0 = Release|x64
		{18F0CC82-3E7E-4411-8B15-AB9A17AB306D}.Release|x64.ActiveCfg = Release|x64
		{18F0CC82-3E7E-4411-8B15-AB9A17AB306D}.Release|x64.Build.0 = Release|x64
		{18F0CC82-3E7E-4411-8B15-AB9A17AB306D}.Release|x86.ActiveCfg = Release|Win32
		{18F0CC82-3E7E-4411-8B15-AB9A17AB306D}.Release|x86.Build.0 = Release|Win32
		{18F0CC82-3E7E-4411-8B15-AB9A17AB306D}.ReleaseFixed|Any CPU.ActiveCfg = Release|x64
		{18F0CC82-3E7E-4411-8B15-AB9A17AB306D}.ReleaseFixed|Any CPU.Build.0 = Release|x64
		{18F0CC82-3E7E-4411-8B15-AB9A17AB306D}.ReleaseFixed|x64.ActiveCfg = Release|x64
		{18F0CC82-3E7E-4411-8B15-AB9A17AB306D}.ReleaseFixed|x64.Build.0 = Release|x64
		{18F0CC82-3E7E-4411-8B15-AB9A17AB306D}.ReleaseFixed|x86.ActiveCfg = Release|Win32
		{18F0CC82-3E7E-4411-8B15-AB9A17AB306D}.ReleaseFixed|x86.Build.0 = Release|Win32
		{65D95ACD-A9C9-4F32-B92C-20AF42649F0C}.Debug|Any CPU.ActiveCfg = Debug|x64
		{65D95ACD-A9C9-4F32-B92C-20AF42649F0C}.Debug|Any CPU.Build.0 = Debug|x64
		{65D95ACD-A9C9-4F32-B92C-20AF42649F0C}.Debug|x64.ActiveCfg = Debug|x64
		{65D95ACD-A9C9-4F32-B92C-20AF42649F0C}.Debug|x64.Build.0 = Debug|x64
		{65D95ACD-A9C9-4F32-B92C-20AF42649F0C}.Debug|x86.ActiveCfg = Debug|Win32
		{65D95ACD-A9C9-4F32-B92C-20AF42649F0C}.Debug|x86.Build.0 = Debug|Win32
		{65D95ACD-A9C9-4F32-B92C-20AF42649F0C}.DebugFixed|Any CPU.ActiveCfg = DebugFixed|x64
		{65D95ACD-A9C9-4F32-B92C-20AF42649F0C}.DebugFixed|Any CPU.Build.0 = DebugFixed|x64
		{65D95ACD-A9C9-4F32-B92C-20AF42649F0C}.DebugFixed|x64.ActiveCfg = DebugFixed|x64
		{65D95ACD-A9C9-4F32-B92C-20AF42649F0C}.DebugFixed|x64.Build.0 = DebugFixed|x64
		{65D95ACD-A9C9-4F32-B92C-20AF42649F0C}.DebugFixed|x86.ActiveCfg = Debug|Win32
		{65D95ACD-A9C9-4F32-B92C-20AF42649F0C}.DebugFixed|x86.Build.0 = Debug|Win32
		{65D95ACD-A9C9-4F32-B92C-20AF42649F0C}.DotNet|Any CPU.ActiveCfg = DotNet|x64
		{65D95ACD-A9C9-4F32-B92C-20AF42649F0C}.DotNet|Any CPU.Build.0 = DotNet|x64
		{65D95ACD-A9C9-4F32-B92C-20AF42649F0C}.DotNet|x64.ActiveCfg = DotNet|x64
		{65D95ACD-A9C9-4F32-B92C-20AF42649F0C}.DotNet|x64.Build.0 = DotNet|x64
		{65D95ACD-A9C9-4F32-B92C-20AF42649F0C}.DotNet|x86.ActiveCfg = DotNet|Win32
		{65D95ACD-A9C9-4F32-B92C-20AF42649F0C}.DotNet|x86.Build.0 = DotNet|Win32
		{65D95ACD-A9C9-4F32-B92C-20AF42649F0C}.DotNetFixed|Any CPU.ActiveCfg = DotNetFixed|x64
		{65D95ACD-A9C9-4F32-B92C-20AF42649F0C}.DotNetFixed|Any CPU.Build.0 = DotNetFixed|x64
		{65D95ACD-A9C9-4F32-B92C-20AF42649F0C}.DotNetFixed|x64.ActiveCfg = DotNetFixed|x64
		{65D95ACD-A9C9-4F32-B92C-20AF42649F0C}.DotNetFixed|x64.Build.0 = DotNetFixed|x64
		{65D95ACD-A9C9-4F32-B92C-20AF42649F0C}.DotNetFixed|x86.ActiveCfg = DotNetFixed|Win32
		{65D95ACD-A9C9-4F32-B92C-20AF42649F0C}.DotNetFixed|x86.Build.0 = DotNetFixed|Win32
		{65D95ACD-A9C9-4F32-B92C-20AF42649F0C}.Release|Any CPU.ActiveCfg = Release|x64
		{65D95ACD-A9C9-4F32-B92C-20AF42649F0C}.Release|Any CPU.Build.0 = Release|x64
		{65D95ACD-A9C9-4F32-B92C-20AF42649F0C}.Release|x64.ActiveCfg = Release|x64
		{65D95ACD-A9C9-4F32-B92C-20AF42649F0C}.Release|x64.Build.0 = Release|x64
		{65D95ACD-A9C9-4F32-B92C-20AF42649F0C}.Release|x86.ActiveCfg = Release|Win32
		{65D95ACD-A9C9-4F32-B92C-20AF42649F0C}.Release|x86.Build.0 = Release|Win32
		{65D95ACD-A9C9-4F32-B92C-20AF42649F0C}.ReleaseFixed|Any CPU.ActiveCfg = ReleaseFixed|x64
		{65D95ACD-A9C9-4F32-B92C-20AF42649F0C}.ReleaseFixed|Any CPU.Build.0 = ReleaseFixed|x64
		{65D95ACD-A9C9-4F32-B92C-20AF42649F0C}.ReleaseFixed|x64.ActiveCfg = ReleaseFixed|x64
		{65D95ACD-A9C9-4F32-B92C-20AF42649F0C}.ReleaseFixed|x64.Build.0 = ReleaseFixed|x64
		{65D95ACD-A9C9-4F32-B92C-20AF42649F0C}.ReleaseFixed|x86.ActiveCfg = Release|Win32
		{65D95ACD-A9C9-4F32-B92C-20AF42649F0C}.ReleaseFixed|x86.Build.0 = Release|Win32
		{1D5A9C55-F2CE-437F-874B-4542E57AC321}.Debug|Any CPU.ActiveCfg = Debug|x64
		{1D5A9C55-F2CE-437F-874B-4542E57AC321}.Debug|Any CPU.Build.0 = Debug|x64
		{1D5A9C55-F2CE-437F-874B-4542E57AC321}.Debug|x64.ActiveCfg = Debug|x64
		{1D5A9C55-F2CE-437F-874B-4542E57AC321}.Debug|x64.Build.0 = Debug|x64
		{1D5A9C55-F2CE-437F-874B-4542E57AC321}.Debug|x86.ActiveCfg = Debug|Win32
		{1D5A9C55-F2CE-437F-874B-4542E57AC321}.Debug|x86.Build.0 = Debug|Win32
		{1D5A9C55-F2CE-437F-874B-4542E57AC321}.DebugFixed|Any CPU.ActiveCfg = DotNetFixed|x64
		{1D5A9C55-F2CE-437F-874B-4542E57AC321}.DebugFixed|Any CPU.Build.0 = DotNetFixed|x64
		{1D5A9C55-F2CE-437F-874B-4542E57AC321}.DebugFixed|x64.ActiveCfg = Debug|x64
		{1D5A9C55-F2CE-437F-874B-4542E57AC321}.DebugFixed|x64.Build.0 = Debug|x64
		{1D5A9C55-F2CE-437F-874B-4542E57AC321}.DebugFixed|x86.ActiveCfg = Debug|Win32
		{1D5A9C55-F2CE-437F-874B-4542E57AC321}.DebugFixed|x86.Build.0 = Debug|Win32
		{1D5A9C55-F2CE-437F-874B-4542E57AC321}.DotNet|Any CPU.ActiveCfg = DotNet|x64
		{1D5A9C55-F2CE-437F-874B-4542E57AC321}.DotNet|Any CPU.Build.0 = DotNet|x64
		{1D5A9C55-F2CE-437F-874B-4542E57AC321}.DotNet|x64.ActiveCfg = DotNet|x64
		{1D5A9C55-F2CE-437F-874B-4542E57AC321}.DotNet|x64.Build.0 = DotNet|x64
		{1D5A9C55-F2CE-437F-874B-4542E57AC321}.DotNet|x86.ActiveCfg = DotNet|Win32
		{1D5A9C55-F2CE-437F-874B-4542E57AC321}.DotNet|x86.Build.0 = DotNet|Win32
		{1D5A9C55-F2CE-437F-874B-4542E57AC321}.DotNetFixed|Any CPU.ActiveCfg = DotNetFixed|x64
		{1D5A9C55-F2CE-437F-874B-4542E57AC321}.DotNetFixed|Any CPU.Build.0 = DotNetFixed|x64
		{1D5A9C55-F2CE-437F-874B-4542E57AC321}.DotNetFixed|x64.ActiveCfg = DotNetFixed|x64
		{1D5A9C55-F2CE-437F-874B-4542E57AC321}.DotNetFixed|x64.Build.0 = DotNetFixed|x64
		{1D5A9C55-F2CE-437F-874B-4542E57AC321}.DotNetFixed|x86.ActiveCfg = DotNetFixed|Win32
		{1D5A9C55-F2CE-437F-874B-4542E57AC321}.DotNetFixed|x86.Build.0 = DotNetFixed|Win32
		{1D5A9C55-F2CE-437F-874B-4542E57AC321}.Release|Any CPU.ActiveCfg = Release|x64
		{1D5A9C55-F2CE-437F-874B-4542E57AC321}.Release|Any CPU.Build.0 = Release|x64
		{1D5A9C55-F2CE-437F-874B-4542E57AC321}.Release|x64.ActiveCfg = Release|x64
		{1D5A9C55-F2CE-437F-874B-4542E57AC321}.Release|x64.Build.0 = Release|x64
		{1D5A9C55-F2CE-437F-874B-4542E57AC321}.Release|x86.ActiveCfg = Release|Win32
		{1D5A9C55-F2CE-437F-874B-4542E57AC321}.Release|x86.Build.0 = Release|Win32
		{1D5A9C55-F2CE-437F-874B-4542E57AC321}.ReleaseFixed|Any CPU.ActiveCfg = Release|x64
		{1D5A9C55-F2CE-437F-874B-4542E57AC321}.ReleaseFixed|Any CPU.Build.0 = Release|x64
		{1D5A9C55-F2CE-437F-874B-4542E57AC321}.ReleaseFixed|x64.ActiveCfg = Release|x64
		{1D5A9C55-F2CE-437F-874B-4542E57AC321}.ReleaseFixed|x64.Build.0 = Release|x64
		{1D5A9C55-F2CE-437F-874B-4542E57AC321}.ReleaseFixed|x86.ActiveCfg = Release|Win32
		{1D5A9C55-F2CE-437F-874B-4542E57AC321}.ReleaseFixed|x86.Build.0 = Release|Win32
		{87EC1D55-A472-4C06-A155-5F98A6886BAE}.Debug|Any CPU.ActiveCfg = Debug|x64
		{87EC1D55-A472-4C06-A155-5F98A6886BAE}.Debug|Any CPU.Build.0 = Debug|x64
		{87EC1D55-A472-4C06-A155-5F98A6886BAE}.Debug|x64.ActiveCfg = Debug|x64
		{87EC1D55-A472-4C06-A155-5F98A6886BAE}.Debug|x64.Build.0 = Debug|x64
		{87EC1D55-A472-4C06-A155-5F98A6886BAE}.Debug|x86.ActiveCfg = Debug|Win32
		{87EC1D55-A472-4C06-A155-5F98A6886BAE}.Debug|x86.Build.0 = Debug|Win32
		{87EC1D55-A472-4C06-A155-5F98A6886BAE}.DebugFixed|Any CPU.ActiveCfg = DotNetFixed|x64
		{87EC1D55-A472-4C06-A155-5F98A6886BAE}.DebugFixed|Any CPU.Build.0 = DotNetFixed|x64
		{87EC1D55-A472-4C06-A155-5F98A6886BAE}.DebugFixed|x64.ActiveCfg = Debug|x64
		{87EC1D55-A472-4C06-A155-5F98A6886BAE}.DebugFixed|x64.Build.0 = Debug|x64
		{87EC1D55-A472-4C06-A155-5F98A6886BAE}.DebugFixed|x86.ActiveCfg = Debug|Win32
		{87EC1D55-A472-4C06-A155-5F98A6886BAE}.DebugFixed|x86.Build.0 = Debug|Win32
		{87EC1D55-A472-4C06-A155-5F98A6886BAE}.DotNet|Any CPU.ActiveCfg = DotNet|x64
		{87EC1D55-A472-4C06-A155-5F98A6886BAE}.DotNet|Any CPU.Build.0 = DotNet|x64
		{87EC1D55-A472-4C06-A155-5F98A6886BAE}.DotNet|x64.ActiveCfg = DotNet|x64
		{87EC1D55-A472-4C06-A155-5F98A6886BAE}.DotNet|x64.Build.0 = DotNet|x64
		{87EC1D55-A472-4C06-A155-5F98A6886BAE}.DotNet|x86.ActiveCfg = DotNet|Win32
		{87EC1D55-A472-4C06-A155-5F98A6886BAE}.DotNet|x86.Build.0 = DotNet|Win32
		{87EC1D55-A472-4C06-A155-5F98A6886BAE}.DotNetFixed|Any CPU.ActiveCfg = DotNetFixed|x64
		{87EC1D55-A472-4C06-A155-5F98A6886BAE}.DotNetFixed|Any CPU.Build.0 = DotNetFixed|x64
		{87EC1D55-A472-4C06-A155-5F98A6886BAE}.DotNetFixed|x64.ActiveCfg = DotNetFixed|x64
		{87EC1D55-A472-4C06-A155-5F98A6886BAE}.DotNetFixed|x64.Build.0 = DotNetFixed|x64
		{87EC1D55-A472-4C06-A155-5F98A6886BAE}.DotNetFixed|x86.ActiveCfg = DotNetFixed|Win32
		{87EC1D55-A472-4C06-A155-5F98A6886BAE}.DotNetFixed|x86.Build.0 = DotNetFixed|Win32
		{87EC1D55-A472-4C06-A155-5F98A6886BAE}.Release|Any CPU.ActiveCfg = Release|x64
		{87EC1D55-A472-4C06-A155-5F98A6886BAE}.Release|Any CPU.Build.0 = Release|x64
		{87EC1D55-A472-4C06-A155-5F98A6886BAE}.Release|x64.ActiveCfg = Release|x64
		{87EC1D55-A472-4C06-A155-5F98A6886BAE}.Release|x64.Build.0 = Release|x64
		{87EC1D55-A472-4C06-A155-5F98A6886BAE}.Release|x86.ActiveCfg = Release|Win32
		{87EC1D55-A472-4C06-A155-5F98A6886BAE}.Release|x86.Build.0 = Release|Win32
		{87EC1D55-A472-4C06-A155-5F98A6886BAE}.ReleaseFixed|Any CPU.ActiveCfg = Release|x64
		{87EC1D55-A472-4C06-A155-5F98A6886BAE}.ReleaseFixed|Any CPU.Build.0 = Release|x64
		{87EC1D55-A472-4C06-A155-5F98A6886BAE}.ReleaseFixed|x64.ActiveCfg = Release|x64
		{87EC1D55-A472-4C06-A155-5F98A6886BAE}.ReleaseFixed|x64.Build.0 = Release|x64
		{87EC1D55-A472-4C06-A155-5F98A6886BAE}.ReleaseFixed|x86.ActiveCfg = Release|Win32
		{87EC1D55-A472-4C06-A155-5F98A6886BAE}.ReleaseFixed|x86.Build.0 = Release|Win32
	EndGlobalSection
	GlobalSection(SolutionProperties) = preSolution
		HideSolutionNode = FALSE
	EndGlobalSection
	GlobalSection(ExtensibilityGlobals) = postSolution
		SolutionGuid = {B7E6CEAC-4E6D-41C6-B91E-1D096A55289F}
	EndGlobalSection
EndGlobal
